
Microsoft Visual Studio Solution File, Format Version 12.00
# Visual Studio Version 17
VisualStudioVersion = 17.9.34622.214
MinimumVisualStudioVersion = 10.0.40219.1
Project("{FAE04EC0-301F-11D3-BF4B-00C04F79EFBC}") = "delegates and linq", "delegates and linq\delegates and linq.csproj", "{FE9F4F75-B23E-46BD-B3B3-9DAC65FEE013}"
EndProject
Global
	GlobalSection(SolutionConfigurationPlatforms) = preSolution
		Debug|Any CPU = Debug|Any CPU
		Release|Any CPU = Release|Any CPU
	EndGlobalSection
	GlobalSection(ProjectConfigurationPlatforms) = postSolution
		{FE9F4F75-B23E-46BD-B3B3-9DAC65FEE013}.Debug|Any CPU.ActiveCfg = Debug|Any CPU
		{FE9F4F75-B23E-46BD-B3B3-9DAC65FEE013}.Debug|Any CPU.Build.0 = Debug|Any CPU
		{FE9F4F75-B23E-46BD-B3B3-9DAC65FEE013}.Release|Any CPU.ActiveCfg = Release|Any CPU
		{FE9F4F75-B23E-46BD-B3B3-9DAC65FEE013}.Release|Any CPU.Build.0 = Release|Any CPU
	EndGlobalSection
	GlobalSection(SolutionProperties) = preSolution
		HideSolutionNode = FALSE
	EndGlobalSection
	GlobalSection(ExtensibilityGlobals) = postSolution
		SolutionGuid = {89C8C7DC-991D-4180-B2CA-0D77C8787385}
	EndGlobalSection
EndGlobal
